
Microsoft Visual Studio Solution File, Format Version 12.00
# Visual Studio 15
VisualStudioVersion = 15.0.28307.960
MinimumVisualStudioVersion = 10.0.40219.1
Project("{FAE04EC0-301F-11D3-BF4B-00C04F79EFBC}") = "StockVSGame", "StockVSGame\StockVSGame.csproj", "{98BAE7DD-B038-4E56-8058-73B98615EEC7}"
EndProject
Global
	GlobalSection(SolutionConfigurationPlatforms) = preSolution
		Debug|Any CPU = Debug|Any CPU
		Release|Any CPU = Release|Any CPU
	EndGlobalSection
	GlobalSection(ProjectConfigurationPlatforms) = postSolution
		{98BAE7DD-B038-4E56-8058-73B98615EEC7}.Debug|Any CPU.ActiveCfg = Debug|Any CPU
		{98BAE7DD-B038-4E56-8058-73B98615EEC7}.Debug|Any CPU.Build.0 = Debug|Any CPU
		{98BAE7DD-B038-4E56-8058-73B98615EEC7}.Release|Any CPU.ActiveCfg = Release|Any CPU
		{98BAE7DD-B038-4E56-8058-73B98615EEC7}.Release|Any CPU.Build.0 = Release|Any CPU
	EndGlobalSection
	GlobalSection(SolutionProperties) = preSolution
		HideSolutionNode = FALSE
	EndGlobalSection
	GlobalSection(ExtensibilityGlobals) = postSolution
		SolutionGuid = {D0A9127C-E836-4A3D-88AB-4D38B370BC6E}
	EndGlobalSection
EndGlobal
